// !$*UTF8*$!
{
	archiveVersion = 1;
	classes = {
	};
	objectVersion = 56;
	objects = {

/* Begin PBXBuildFile section */
		783017BA2AECDA4E00CBA912 /* BaseVC.swift in Sources */ = {isa = PBXBuildFile; fileRef = 783017B92AECDA4E00CBA912 /* BaseVC.swift */; };
		783017BD2AECDAA800CBA912 /* UIColor + HexColor.swift in Sources */ = {isa = PBXBuildFile; fileRef = 783017BC2AECDAA800CBA912 /* UIColor + HexColor.swift */; };
		783017C02AECDC3100CBA912 /* UIView + addSubviews.swift in Sources */ = {isa = PBXBuildFile; fileRef = 783017BF2AECDC3100CBA912 /* UIView + addSubviews.swift */; };
		783017C32AECDCBF00CBA912 /* Then in Frameworks */ = {isa = PBXBuildFile; productRef = 783017C22AECDCBF00CBA912 /* Then */; };
		783017C62AECDCD300CBA912 /* SnapKit in Frameworks */ = {isa = PBXBuildFile; productRef = 783017C52AECDCD300CBA912 /* SnapKit */; };
		78B782362AD7884D00C25CDA /* AppDelegate.swift in Sources */ = {isa = PBXBuildFile; fileRef = 78B782352AD7884D00C25CDA /* AppDelegate.swift */; };
		78B782382AD7884D00C25CDA /* SceneDelegate.swift in Sources */ = {isa = PBXBuildFile; fileRef = 78B782372AD7884D00C25CDA /* SceneDelegate.swift */; };
		78B7823A2AD7884D00C25CDA /* HomeVC.swift in Sources */ = {isa = PBXBuildFile; fileRef = 78B782392AD7884D00C25CDA /* HomeVC.swift */; };
		78B7823F2AD7884E00C25CDA /* Assets.xcassets in Resources */ = {isa = PBXBuildFile; fileRef = 78B7823E2AD7884E00C25CDA /* Assets.xcassets */; };
		78B782422AD7884E00C25CDA /* LaunchScreen.storyboard in Resources */ = {isa = PBXBuildFile; fileRef = 78B782402AD7884E00C25CDA /* LaunchScreen.storyboard */; };
		78BFB6342AFA164D00E358F6 /* SUITv1-Thin.otf in Resources */ = {isa = PBXBuildFile; fileRef = 78BFB62B2AFA164D00E358F6 /* SUITv1-Thin.otf */; };
		78BFB6352AFA164D00E358F6 /* SUITv1-ExtraLight.otf in Resources */ = {isa = PBXBuildFile; fileRef = 78BFB62C2AFA164D00E358F6 /* SUITv1-ExtraLight.otf */; };
		78BFB6362AFA164D00E358F6 /* SUITv1-Regular.otf in Resources */ = {isa = PBXBuildFile; fileRef = 78BFB62D2AFA164D00E358F6 /* SUITv1-Regular.otf */; };
		78BFB6372AFA164D00E358F6 /* SUITv1-Bold.otf in Resources */ = {isa = PBXBuildFile; fileRef = 78BFB62E2AFA164D00E358F6 /* SUITv1-Bold.otf */; };
		78BFB6382AFA164D00E358F6 /* SUITv1-ExtraBold.otf in Resources */ = {isa = PBXBuildFile; fileRef = 78BFB62F2AFA164D00E358F6 /* SUITv1-ExtraBold.otf */; };
		78BFB6392AFA164D00E358F6 /* SUITv1-Medium.otf in Resources */ = {isa = PBXBuildFile; fileRef = 78BFB6302AFA164D00E358F6 /* SUITv1-Medium.otf */; };
		78BFB63A2AFA164D00E358F6 /* SUITv1-Light.otf in Resources */ = {isa = PBXBuildFile; fileRef = 78BFB6312AFA164D00E358F6 /* SUITv1-Light.otf */; };
		78BFB63B2AFA164D00E358F6 /* SUITv1-Heavy.otf in Resources */ = {isa = PBXBuildFile; fileRef = 78BFB6322AFA164D00E358F6 /* SUITv1-Heavy.otf */; };
		78BFB63C2AFA164D00E358F6 /* SUITv1-SemiBold.otf in Resources */ = {isa = PBXBuildFile; fileRef = 78BFB6332AFA164D00E358F6 /* SUITv1-SemiBold.otf */; };
		78BFB6402AFA170100E358F6 /* Font.swift in Sources */ = {isa = PBXBuildFile; fileRef = 78BFB63F2AFA170100E358F6 /* Font.swift */; };
		78BFB6442AFA56E300E358F6 /* PageDetailVC.swift in Sources */ = {isa = PBXBuildFile; fileRef = 78BFB6432AFA56E300E358F6 /* PageDetailVC.swift */; };
		78BFB6482AFA611B00E358F6 /* MainVC.swift in Sources */ = {isa = PBXBuildFile; fileRef = 78BFB6472AFA611B00E358F6 /* MainVC.swift */; };
/* End PBXBuildFile section */

/* Begin PBXFileReference section */
		783017B92AECDA4E00CBA912 /* BaseVC.swift */ = {isa = PBXFileReference; lastKnownFileType = sourcecode.swift; path = BaseVC.swift; sourceTree = "<group>"; };
		783017BC2AECDAA800CBA912 /* UIColor + HexColor.swift */ = {isa = PBXFileReference; lastKnownFileType = sourcecode.swift; path = "UIColor + HexColor.swift"; sourceTree = "<group>"; };
		783017BF2AECDC3100CBA912 /* UIView + addSubviews.swift */ = {isa = PBXFileReference; lastKnownFileType = sourcecode.swift; path = "UIView + addSubviews.swift"; sourceTree = "<group>"; };
		78B782322AD7884D00C25CDA /* Miso.app */ = {isa = PBXFileReference; explicitFileType = wrapper.application; includeInIndex = 0; path = Miso.app; sourceTree = BUILT_PRODUCTS_DIR; };
		78B782352AD7884D00C25CDA /* AppDelegate.swift */ = {isa = PBXFileReference; lastKnownFileType = sourcecode.swift; path = AppDelegate.swift; sourceTree = "<group>"; };
		78B782372AD7884D00C25CDA /* SceneDelegate.swift */ = {isa = PBXFileReference; lastKnownFileType = sourcecode.swift; path = SceneDelegate.swift; sourceTree = "<group>"; };
		78B782392AD7884D00C25CDA /* HomeVC.swift */ = {isa = PBXFileReference; lastKnownFileType = sourcecode.swift; path = HomeVC.swift; sourceTree = "<group>"; };
		78B7823E2AD7884E00C25CDA /* Assets.xcassets */ = {isa = PBXFileReference; lastKnownFileType = folder.assetcatalog; path = Assets.xcassets; sourceTree = "<group>"; };
		78B782412AD7884E00C25CDA /* Base */ = {isa = PBXFileReference; lastKnownFileType = file.storyboard; name = Base; path = Base.lproj/LaunchScreen.storyboard; sourceTree = "<group>"; };
		78B782432AD7884E00C25CDA /* Info.plist */ = {isa = PBXFileReference; lastKnownFileType = text.plist.xml; path = Info.plist; sourceTree = "<group>"; };
		78BFB62B2AFA164D00E358F6 /* SUITv1-Thin.otf */ = {isa = PBXFileReference; lastKnownFileType = file; name = "SUITv1-Thin.otf"; path = "../../../../../../../Downloads/SUITv1-otf 2/SUITv1-Thin.otf"; sourceTree = "<group>"; };
		78BFB62C2AFA164D00E358F6 /* SUITv1-ExtraLight.otf */ = {isa = PBXFileReference; lastKnownFileType = file; name = "SUITv1-ExtraLight.otf"; path = "../../../../../../../Downloads/SUITv1-otf 2/SUITv1-ExtraLight.otf"; sourceTree = "<group>"; };
		78BFB62D2AFA164D00E358F6 /* SUITv1-Regular.otf */ = {isa = PBXFileReference; lastKnownFileType = file; name = "SUITv1-Regular.otf"; path = "../../../../../../../Downloads/SUITv1-otf 2/SUITv1-Regular.otf"; sourceTree = "<group>"; };
		78BFB62E2AFA164D00E358F6 /* SUITv1-Bold.otf */ = {isa = PBXFileReference; lastKnownFileType = file; name = "SUITv1-Bold.otf"; path = "../../../../../../../Downloads/SUITv1-otf 2/SUITv1-Bold.otf"; sourceTree = "<group>"; };
		78BFB62F2AFA164D00E358F6 /* SUITv1-ExtraBold.otf */ = {isa = PBXFileReference; lastKnownFileType = file; name = "SUITv1-ExtraBold.otf"; path = "../../../../../../../Downloads/SUITv1-otf 2/SUITv1-ExtraBold.otf"; sourceTree = "<group>"; };
		78BFB6302AFA164D00E358F6 /* SUITv1-Medium.otf */ = {isa = PBXFileReference; lastKnownFileType = file; name = "SUITv1-Medium.otf"; path = "../../../../../../../Downloads/SUITv1-otf 2/SUITv1-Medium.otf"; sourceTree = "<group>"; };
		78BFB6312AFA164D00E358F6 /* SUITv1-Light.otf */ = {isa = PBXFileReference; lastKnownFileType = file; name = "SUITv1-Light.otf"; path = "../../../../../../../Downloads/SUITv1-otf 2/SUITv1-Light.otf"; sourceTree = "<group>"; };
		78BFB6322AFA164D00E358F6 /* SUITv1-Heavy.otf */ = {isa = PBXFileReference; lastKnownFileType = file; name = "SUITv1-Heavy.otf"; path = "../../../../../../../Downloads/SUITv1-otf 2/SUITv1-Heavy.otf"; sourceTree = "<group>"; };
		78BFB6332AFA164D00E358F6 /* SUITv1-SemiBold.otf */ = {isa = PBXFileReference; lastKnownFileType = file; name = "SUITv1-SemiBold.otf"; path = "../../../../../../../Downloads/SUITv1-otf 2/SUITv1-SemiBold.otf"; sourceTree = "<group>"; };
		78BFB63F2AFA170100E358F6 /* Font.swift */ = {isa = PBXFileReference; lastKnownFileType = sourcecode.swift; path = Font.swift; sourceTree = "<group>"; };
		78BFB6432AFA56E300E358F6 /* PageDetailVC.swift */ = {isa = PBXFileReference; lastKnownFileType = sourcecode.swift; path = PageDetailVC.swift; sourceTree = "<group>"; };
		78BFB6472AFA611B00E358F6 /* MainVC.swift */ = {isa = PBXFileReference; lastKnownFileType = sourcecode.swift; path = MainVC.swift; sourceTree = "<group>"; };
/* End PBXFileReference section */

/* Begin PBXFrameworksBuildPhase section */
		78B7822F2AD7884D00C25CDA /* Frameworks */ = {
			isa = PBXFrameworksBuildPhase;
			buildActionMask = 2147483647;
			files = (
				783017C32AECDCBF00CBA912 /* Then in Frameworks */,
				783017C62AECDCD300CBA912 /* SnapKit in Frameworks */,
			);
			runOnlyForDeploymentPostprocessing = 0;
		};
/* End PBXFrameworksBuildPhase section */

/* Begin PBXGroup section */
		783017AD2AECD7F600CBA912 /* Resources */ = {
			isa = PBXGroup;
			children = (
				783017B02AECD80E00CBA912 /* Assets */,
				783017B12AECD81400CBA912 /* Fonts */,
				783017B22AECD83400CBA912 /* Launch */,
			);
			path = Resources;
			sourceTree = "<group>";
		};
		783017AE2AECD7FD00CBA912 /* Sources */ = {
			isa = PBXGroup;
			children = (
				783017B32AECD85E00CBA912 /* Application */,
				783017B42AECD87300CBA912 /* Data */,
				783017B52AECD87900CBA912 /* DesignSystem */,
				783017B72AECD88D00CBA912 /* Utility */,
				783017B62AECD88600CBA912 /* Presentation */,
			);
			path = Sources;
			sourceTree = "<group>";
		};
		783017AF2AECD80400CBA912 /* Support */ = {
			isa = PBXGroup;
			children = (
				78B782432AD7884E00C25CDA /* Info.plist */,
			);
			path = Support;
			sourceTree = "<group>";
		};
		783017B02AECD80E00CBA912 /* Assets */ = {
			isa = PBXGroup;
			children = (
				78B7823E2AD7884E00C25CDA /* Assets.xcassets */,
			);
			path = Assets;
			sourceTree = "<group>";
		};
		783017B12AECD81400CBA912 /* Fonts */ = {
			isa = PBXGroup;
			children = (
				78BFB62A2AFA164200E358F6 /* SUIT */,
			);
			path = Fonts;
			sourceTree = "<group>";
		};
		783017B22AECD83400CBA912 /* Launch */ = {
			isa = PBXGroup;
			children = (
				78B782402AD7884E00C25CDA /* LaunchScreen.storyboard */,
			);
			path = Launch;
			sourceTree = "<group>";
		};
		783017B32AECD85E00CBA912 /* Application */ = {
			isa = PBXGroup;
			children = (
				78B782352AD7884D00C25CDA /* AppDelegate.swift */,
				78B782372AD7884D00C25CDA /* SceneDelegate.swift */,
			);
			path = Application;
			sourceTree = "<group>";
		};
		783017B42AECD87300CBA912 /* Data */ = {
			isa = PBXGroup;
			children = (
			);
			path = Data;
			sourceTree = "<group>";
		};
		783017B52AECD87900CBA912 /* DesignSystem */ = {
			isa = PBXGroup;
			children = (
				78BFB63E2AFA16E900E358F6 /* Font */,
			);
			path = DesignSystem;
			sourceTree = "<group>";
		};
		783017B62AECD88600CBA912 /* Presentation */ = {
			isa = PBXGroup;
			children = (
				78B782392AD7884D00C25CDA /* HomeVC.swift */,
				78BFB6472AFA611B00E358F6 /* MainVC.swift */,
				78BFB6432AFA56E300E358F6 /* PageDetailVC.swift */,
			);
			path = Presentation;
			sourceTree = "<group>";
		};
		783017B72AECD88D00CBA912 /* Utility */ = {
			isa = PBXGroup;
			children = (
				783017B82AECDA4500CBA912 /* Base */,
				783017BB2AECDA9B00CBA912 /* UIColor */,
				783017BE2AECDC1C00CBA912 /* UIView */,
			);
			path = Utility;
			sourceTree = "<group>";
		};
		783017B82AECDA4500CBA912 /* Base */ = {
			isa = PBXGroup;
			children = (
				783017B92AECDA4E00CBA912 /* BaseVC.swift */,
			);
			path = Base;
			sourceTree = "<group>";
		};
		783017BB2AECDA9B00CBA912 /* UIColor */ = {
			isa = PBXGroup;
			children = (
				783017BC2AECDAA800CBA912 /* UIColor + HexColor.swift */,
			);
			path = UIColor;
			sourceTree = "<group>";
		};
		783017BE2AECDC1C00CBA912 /* UIView */ = {
			isa = PBXGroup;
			children = (
				783017BF2AECDC3100CBA912 /* UIView + addSubviews.swift */,
			);
			path = UIView;
			sourceTree = "<group>";
		};
		78B782292AD7884D00C25CDA = {
			isa = PBXGroup;
			children = (
				78B782342AD7884D00C25CDA /* Miso */,
				78B782332AD7884D00C25CDA /* Products */,
			);
			sourceTree = "<group>";
		};
		78B782332AD7884D00C25CDA /* Products */ = {
			isa = PBXGroup;
			children = (
				78B782322AD7884D00C25CDA /* Miso.app */,
			);
			name = Products;
			sourceTree = "<group>";
		};
		78B782342AD7884D00C25CDA /* Miso */ = {
			isa = PBXGroup;
			children = (
				783017AD2AECD7F600CBA912 /* Resources */,
				783017AE2AECD7FD00CBA912 /* Sources */,
				783017AF2AECD80400CBA912 /* Support */,
			);
			path = Miso;
			sourceTree = "<group>";
		};
		78BFB62A2AFA164200E358F6 /* SUIT */ = {
			isa = PBXGroup;
			children = (
				78BFB62E2AFA164D00E358F6 /* SUITv1-Bold.otf */,
				78BFB62F2AFA164D00E358F6 /* SUITv1-ExtraBold.otf */,
				78BFB62C2AFA164D00E358F6 /* SUITv1-ExtraLight.otf */,
				78BFB6322AFA164D00E358F6 /* SUITv1-Heavy.otf */,
				78BFB6312AFA164D00E358F6 /* SUITv1-Light.otf */,
				78BFB6302AFA164D00E358F6 /* SUITv1-Medium.otf */,
				78BFB62D2AFA164D00E358F6 /* SUITv1-Regular.otf */,
				78BFB6332AFA164D00E358F6 /* SUITv1-SemiBold.otf */,
				78BFB62B2AFA164D00E358F6 /* SUITv1-Thin.otf */,
			);
			path = SUIT;
			sourceTree = "<group>";
		};
		78BFB63E2AFA16E900E358F6 /* Font */ = {
			isa = PBXGroup;
			children = (
				78BFB63F2AFA170100E358F6 /* Font.swift */,
			);
			path = Font;
			sourceTree = "<group>";
		};
/* End PBXGroup section */

/* Begin PBXNativeTarget section */
		78B782312AD7884D00C25CDA /* Miso */ = {
			isa = PBXNativeTarget;
			buildConfigurationList = 78B782462AD7884E00C25CDA /* Build configuration list for PBXNativeTarget "Miso" */;
			buildPhases = (
				78B7822E2AD7884D00C25CDA /* Sources */,
				78B7822F2AD7884D00C25CDA /* Frameworks */,
				78B782302AD7884D00C25CDA /* Resources */,
			);
			buildRules = (
			);
			dependencies = (
			);
			name = Miso;
			packageProductDependencies = (
				783017C22AECDCBF00CBA912 /* Then */,
				783017C52AECDCD300CBA912 /* SnapKit */,
			);
			productName = Miso;
			productReference = 78B782322AD7884D00C25CDA /* Miso.app */;
			productType = "com.apple.product-type.application";
		};
/* End PBXNativeTarget section */

/* Begin PBXProject section */
		78B7822A2AD7884D00C25CDA /* Project object */ = {
			isa = PBXProject;
			attributes = {
				BuildIndependentTargetsInParallel = 1;
				LastSwiftUpdateCheck = 1500;
				LastUpgradeCheck = 1500;
				TargetAttributes = {
					78B782312AD7884D00C25CDA = {
						CreatedOnToolsVersion = 15.0;
					};
				};
			};
			buildConfigurationList = 78B7822D2AD7884D00C25CDA /* Build configuration list for PBXProject "Miso" */;
			compatibilityVersion = "Xcode 14.0";
			developmentRegion = en;
			hasScannedForEncodings = 0;
			knownRegions = (
				en,
				Base,
			);
			mainGroup = 78B782292AD7884D00C25CDA;
			packageReferences = (
				783017C12AECDCBF00CBA912 /* XCRemoteSwiftPackageReference "Then" */,
				783017C42AECDCD300CBA912 /* XCRemoteSwiftPackageReference "SnapKit" */,
			);
			productRefGroup = 78B782332AD7884D00C25CDA /* Products */;
			projectDirPath = "";
			projectRoot = "";
			targets = (
				78B782312AD7884D00C25CDA /* Miso */,
			);
		};
/* End PBXProject section */

/* Begin PBXResourcesBuildPhase section */
		78B782302AD7884D00C25CDA /* Resources */ = {
			isa = PBXResourcesBuildPhase;
			buildActionMask = 2147483647;
			files = (
				78BFB6382AFA164D00E358F6 /* SUITv1-ExtraBold.otf in Resources */,
				78BFB63A2AFA164D00E358F6 /* SUITv1-Light.otf in Resources */,
				78B782422AD7884E00C25CDA /* LaunchScreen.storyboard in Resources */,
				78BFB6392AFA164D00E358F6 /* SUITv1-Medium.otf in Resources */,
				78BFB6352AFA164D00E358F6 /* SUITv1-ExtraLight.otf in Resources */,
				78BFB6342AFA164D00E358F6 /* SUITv1-Thin.otf in Resources */,
				78B7823F2AD7884E00C25CDA /* Assets.xcassets in Resources */,
				78BFB63B2AFA164D00E358F6 /* SUITv1-Heavy.otf in Resources */,
				78BFB6372AFA164D00E358F6 /* SUITv1-Bold.otf in Resources */,
				78BFB63C2AFA164D00E358F6 /* SUITv1-SemiBold.otf in Resources */,
				78BFB6362AFA164D00E358F6 /* SUITv1-Regular.otf in Resources */,
			);
			runOnlyForDeploymentPostprocessing = 0;
		};
/* End PBXResourcesBuildPhase section */

/* Begin PBXSourcesBuildPhase section */
		78B7822E2AD7884D00C25CDA /* Sources */ = {
			isa = PBXSourcesBuildPhase;
			buildActionMask = 2147483647;
			files = (
				783017C02AECDC3100CBA912 /* UIView + addSubviews.swift in Sources */,
				78B7823A2AD7884D00C25CDA /* HomeVC.swift in Sources */,
				78BFB6402AFA170100E358F6 /* Font.swift in Sources */,
				783017BD2AECDAA800CBA912 /* UIColor + HexColor.swift in Sources */,
				78B782362AD7884D00C25CDA /* AppDelegate.swift in Sources */,
				78BFB6442AFA56E300E358F6 /* PageDetailVC.swift in Sources */,
				78B782382AD7884D00C25CDA /* SceneDelegate.swift in Sources */,
				78BFB6482AFA611B00E358F6 /* MainVC.swift in Sources */,
				783017BA2AECDA4E00CBA912 /* BaseVC.swift in Sources */,
			);
			runOnlyForDeploymentPostprocessing = 0;
		};
/* End PBXSourcesBuildPhase section */

/* Begin PBXVariantGroup section */
		78B782402AD7884E00C25CDA /* LaunchScreen.storyboard */ = {
			isa = PBXVariantGroup;
			children = (
				78B782412AD7884E00C25CDA /* Base */,
			);
			name = LaunchScreen.storyboard;
			sourceTree = "<group>";
		};
/* End PBXVariantGroup section */

/* Begin XCBuildConfiguration section */
		78B782442AD7884E00C25CDA /* Debug */ = {
			isa = XCBuildConfiguration;
			buildSettings = {
				ALWAYS_SEARCH_USER_PATHS = NO;
				ASSETCATALOG_COMPILER_GENERATE_SWIFT_ASSET_SYMBOL_EXTENSIONS = YES;
				CLANG_ANALYZER_NONNULL = YES;
				CLANG_ANALYZER_NUMBER_OBJECT_CONVERSION = YES_AGGRESSIVE;
				CLANG_CXX_LANGUAGE_STANDARD = "gnu++20";
				CLANG_ENABLE_MODULES = YES;
				CLANG_ENABLE_OBJC_ARC = YES;
				CLANG_ENABLE_OBJC_WEAK = YES;
				CLANG_WARN_BLOCK_CAPTURE_AUTORELEASING = YES;
				CLANG_WARN_BOOL_CONVERSION = YES;
				CLANG_WARN_COMMA = YES;
				CLANG_WARN_CONSTANT_CONVERSION = YES;
				CLANG_WARN_DEPRECATED_OBJC_IMPLEMENTATIONS = YES;
				CLANG_WARN_DIRECT_OBJC_ISA_USAGE = YES_ERROR;
				CLANG_WARN_DOCUMENTATION_COMMENTS = YES;
				CLANG_WARN_EMPTY_BODY = YES;
				CLANG_WARN_ENUM_CONVERSION = YES;
				CLANG_WARN_INFINITE_RECURSION = YES;
				CLANG_WARN_INT_CONVERSION = YES;
				CLANG_WARN_NON_LITERAL_NULL_CONVERSION = YES;
				CLANG_WARN_OBJC_IMPLICIT_RETAIN_SELF = YES;
				CLANG_WARN_OBJC_LITERAL_CONVERSION = YES;
				CLANG_WARN_OBJC_ROOT_CLASS = YES_ERROR;
				CLANG_WARN_QUOTED_INCLUDE_IN_FRAMEWORK_HEADER = YES;
				CLANG_WARN_RANGE_LOOP_ANALYSIS = YES;
				CLANG_WARN_STRICT_PROTOTYPES = YES;
				CLANG_WARN_SUSPICIOUS_MOVE = YES;
				CLANG_WARN_UNGUARDED_AVAILABILITY = YES_AGGRESSIVE;
				CLANG_WARN_UNREACHABLE_CODE = YES;
				CLANG_WARN__DUPLICATE_METHOD_MATCH = YES;
				COPY_PHASE_STRIP = NO;
				DEBUG_INFORMATION_FORMAT = dwarf;
				ENABLE_STRICT_OBJC_MSGSEND = YES;
				ENABLE_TESTABILITY = YES;
				ENABLE_USER_SCRIPT_SANDBOXING = YES;
				GCC_C_LANGUAGE_STANDARD = gnu17;
				GCC_DYNAMIC_NO_PIC = NO;
				GCC_NO_COMMON_BLOCKS = YES;
				GCC_OPTIMIZATION_LEVEL = 0;
				GCC_PREPROCESSOR_DEFINITIONS = (
					"DEBUG=1",
					"$(inherited)",
				);
				GCC_WARN_64_TO_32_BIT_CONVERSION = YES;
				GCC_WARN_ABOUT_RETURN_TYPE = YES_ERROR;
				GCC_WARN_UNDECLARED_SELECTOR = YES;
				GCC_WARN_UNINITIALIZED_AUTOS = YES_AGGRESSIVE;
				GCC_WARN_UNUSED_FUNCTION = YES;
				GCC_WARN_UNUSED_VARIABLE = YES;
				IPHONEOS_DEPLOYMENT_TARGET = 17.0;
				LOCALIZATION_PREFERS_STRING_CATALOGS = YES;
				MTL_ENABLE_DEBUG_INFO = INCLUDE_SOURCE;
				MTL_FAST_MATH = YES;
				ONLY_ACTIVE_ARCH = YES;
				SDKROOT = iphoneos;
				SWIFT_ACTIVE_COMPILATION_CONDITIONS = "DEBUG $(inherited)";
				SWIFT_OPTIMIZATION_LEVEL = "-Onone";
			};
			name = Debug;
		};
		78B782452AD7884E00C25CDA /* Release */ = {
			isa = XCBuildConfiguration;
			buildSettings = {
				ALWAYS_SEARCH_USER_PATHS = NO;
				ASSETCATALOG_COMPILER_GENERATE_SWIFT_ASSET_SYMBOL_EXTENSIONS = YES;
				CLANG_ANALYZER_NONNULL = YES;
				CLANG_ANALYZER_NUMBER_OBJECT_CONVERSION = YES_AGGRESSIVE;
				CLANG_CXX_LANGUAGE_STANDARD = "gnu++20";
				CLANG_ENABLE_MODULES = YES;
				CLANG_ENABLE_OBJC_ARC = YES;
				CLANG_ENABLE_OBJC_WEAK = YES;
				CLANG_WARN_BLOCK_CAPTURE_AUTORELEASING = YES;
				CLANG_WARN_BOOL_CONVERSION = YES;
				CLANG_WARN_COMMA = YES;
				CLANG_WARN_CONSTANT_CONVERSION = YES;
				CLANG_WARN_DEPRECATED_OBJC_IMPLEMENTATIONS = YES;
				CLANG_WARN_DIRECT_OBJC_ISA_USAGE = YES_ERROR;
				CLANG_WARN_DOCUMENTATION_COMMENTS = YES;
				CLANG_WARN_EMPTY_BODY = YES;
				CLANG_WARN_ENUM_CONVERSION = YES;
				CLANG_WARN_INFINITE_RECURSION = YES;
				CLANG_WARN_INT_CONVERSION = YES;
				CLANG_WARN_NON_LITERAL_NULL_CONVERSION = YES;
				CLANG_WARN_OBJC_IMPLICIT_RETAIN_SELF = YES;
				CLANG_WARN_OBJC_LITERAL_CONVERSION = YES;
				CLANG_WARN_OBJC_ROOT_CLASS = YES_ERROR;
				CLANG_WARN_QUOTED_INCLUDE_IN_FRAMEWORK_HEADER = YES;
				CLANG_WARN_RANGE_LOOP_ANALYSIS = YES;
				CLANG_WARN_STRICT_PROTOTYPES = YES;
				CLANG_WARN_SUSPICIOUS_MOVE = YES;
				CLANG_WARN_UNGUARDED_AVAILABILITY = YES_AGGRESSIVE;
				CLANG_WARN_UNREACHABLE_CODE = YES;
				CLANG_WARN__DUPLICATE_METHOD_MATCH = YES;
				COPY_PHASE_STRIP = NO;
				DEBUG_INFORMATION_FORMAT = "dwarf-with-dsym";
				ENABLE_NS_ASSERTIONS = NO;
				ENABLE_STRICT_OBJC_MSGSEND = YES;
				ENABLE_USER_SCRIPT_SANDBOXING = YES;
				GCC_C_LANGUAGE_STANDARD = gnu17;
				GCC_NO_COMMON_BLOCKS = YES;
				GCC_WARN_64_TO_32_BIT_CONVERSION = YES;
				GCC_WARN_ABOUT_RETURN_TYPE = YES_ERROR;
				GCC_WARN_UNDECLARED_SELECTOR = YES;
				GCC_WARN_UNINITIALIZED_AUTOS = YES_AGGRESSIVE;
				GCC_WARN_UNUSED_FUNCTION = YES;
				GCC_WARN_UNUSED_VARIABLE = YES;
				IPHONEOS_DEPLOYMENT_TARGET = 17.0;
				LOCALIZATION_PREFERS_STRING_CATALOGS = YES;
				MTL_ENABLE_DEBUG_INFO = NO;
				MTL_FAST_MATH = YES;
				SDKROOT = iphoneos;
				SWIFT_COMPILATION_MODE = wholemodule;
				VALIDATE_PRODUCT = YES;
			};
			name = Release;
		};
		78B782472AD7884E00C25CDA /* Debug */ = {
			isa = XCBuildConfiguration;
			buildSettings = {
				ASSETCATALOG_COMPILER_APPICON_NAME = AppIcon;
				ASSETCATALOG_COMPILER_GLOBAL_ACCENT_COLOR_NAME = AccentColor;
				CODE_SIGN_STYLE = Automatic;
				CURRENT_PROJECT_VERSION = 1;
				DEVELOPMENT_TEAM = 5T78F59TU2;
				GENERATE_INFOPLIST_FILE = YES;
				INFOPLIST_FILE = Miso/Support/Info.plist;
				INFOPLIST_KEY_UIApplicationSupportsIndirectInputEvents = YES;
				INFOPLIST_KEY_UILaunchStoryboardName = LaunchScreen;
				INFOPLIST_KEY_UISupportedInterfaceOrientations_iPad = "UIInterfaceOrientationPortrait UIInterfaceOrientationPortraitUpsideDown UIInterfaceOrientationLandscapeLeft UIInterfaceOrientationLandscapeRight";
				INFOPLIST_KEY_UISupportedInterfaceOrientations_iPhone = "UIInterfaceOrientationPortrait UIInterfaceOrientationLandscapeLeft UIInterfaceOrientationLandscapeRight";
				LD_RUNPATH_SEARCH_PATHS = (
					"$(inherited)",
					"@executable_path/Frameworks",
				);
				MARKETING_VERSION = 1.0;
				PRODUCT_BUNDLE_IDENTIFIER = class.Miso;
				PRODUCT_NAME = "$(TARGET_NAME)";
				SWIFT_EMIT_LOC_STRINGS = YES;
				SWIFT_VERSION = 5.0;
				TARGETED_DEVICE_FAMILY = "1,2";
			};
			name = Debug;
		};
		78B782482AD7884E00C25CDA /* Release */ = {
			isa = XCBuildConfiguration;
			buildSettings = {
				ASSETCATALOG_COMPILER_APPICON_NAME = AppIcon;
				ASSETCATALOG_COMPILER_GLOBAL_ACCENT_COLOR_NAME = AccentColor;
				CODE_SIGN_STYLE = Automatic;
				CURRENT_PROJECT_VERSION = 1;
				DEVELOPMENT_TEAM = 5T78F59TU2;
				GENERATE_INFOPLIST_FILE = YES;
				INFOPLIST_FILE = Miso/Support/Info.plist;
				INFOPLIST_KEY_UIApplicationSupportsIndirectInputEvents = YES;
				INFOPLIST_KEY_UILaunchStoryboardName = LaunchScreen;
				INFOPLIST_KEY_UISupportedInterfaceOrientations_iPad = "UIInterfaceOrientationPortrait UIInterfaceOrientationPortraitUpsideDown UIInterfaceOrientationLandscapeLeft UIInterfaceOrientationLandscapeRight";
				INFOPLIST_KEY_UISupportedInterfaceOrientations_iPhone = "UIInterfaceOrientationPortrait UIInterfaceOrientationLandscapeLeft UIInterfaceOrientationLandscapeRight";
				LD_RUNPATH_SEARCH_PATHS = (
					"$(inherited)",
					"@executable_path/Frameworks",
				);
				MARKETING_VERSION = 1.0;
				PRODUCT_BUNDLE_IDENTIFIER = class.Miso;
				PRODUCT_NAME = "$(TARGET_NAME)";
				SWIFT_EMIT_LOC_STRINGS = YES;
				SWIFT_VERSION = 5.0;
				TARGETED_DEVICE_FAMILY = "1,2";
			};
			name = Release;
		};
/* End XCBuildConfiguration section */

/* Begin XCConfigurationList section */
		78B7822D2AD7884D00C25CDA /* Build configuration list for PBXProject "Miso" */ = {
			isa = XCConfigurationList;
			buildConfigurations = (
				78B782442AD7884E00C25CDA /* Debug */,
				78B782452AD7884E00C25CDA /* Release */,
			);
			defaultConfigurationIsVisible = 0;
			defaultConfigurationName = Release;
		};
		78B782462AD7884E00C25CDA /* Build configuration list for PBXNativeTarget "Miso" */ = {
			isa = XCConfigurationList;
			buildConfigurations = (
				78B782472AD7884E00C25CDA /* Debug */,
				78B782482AD7884E00C25CDA /* Release */,
			);
			defaultConfigurationIsVisible = 0;
			defaultConfigurationName = Release;
		};
/* End XCConfigurationList section */

/* Begin XCRemoteSwiftPackageReference section */
		783017C12AECDCBF00CBA912 /* XCRemoteSwiftPackageReference "Then" */ = {
			isa = XCRemoteSwiftPackageReference;
			repositoryURL = "https://github.com/devxoul/Then";
			requirement = {
				kind = upToNextMajorVersion;
				minimumVersion = 3.0.0;
			};
		};
		783017C42AECDCD300CBA912 /* XCRemoteSwiftPackageReference "SnapKit" */ = {
			isa = XCRemoteSwiftPackageReference;
			repositoryURL = "https://github.com/SnapKit/SnapKit";
			requirement = {
				kind = upToNextMajorVersion;
				minimumVersion = 5.6.0;
			};
		};
/* End XCRemoteSwiftPackageReference section */

/* Begin XCSwiftPackageProductDependency section */
		783017C22AECDCBF00CBA912 /* Then */ = {
			isa = XCSwiftPackageProductDependency;
			package = 783017C12AECDCBF00CBA912 /* XCRemoteSwiftPackageReference "Then" */;
			productName = Then;
		};
		783017C52AECDCD300CBA912 /* SnapKit */ = {
			isa = XCSwiftPackageProductDependency;
			package = 783017C42AECDCD300CBA912 /* XCRemoteSwiftPackageReference "SnapKit" */;
			productName = SnapKit;
		};
/* End XCSwiftPackageProductDependency section */
	};
	rootObject = 78B7822A2AD7884D00C25CDA /* Project object */;
}
